// !$*UTF8*$!
{
	archiveVersion = 1;
	classes = {
	};
	objectVersion = 55;
	objects = {

/* Begin PBXBuildFile section */
		1EBC1CBC284B1DF3009E59CC /* AlbumsTableViewCell.swift in Sources */ = {isa = PBXBuildFile; fileRef = 1EBC1CBB284B1DF3009E59CC /* AlbumsTableViewCell.swift */; };
		1EBC1CBE284B2EBB009E59CC /* Extensions.swift in Sources */ = {isa = PBXBuildFile; fileRef = 1EBC1CBD284B2EBB009E59CC /* Extensions.swift */; };
		A869ED8A284B02D6002E7896 /* AppDelegate.swift in Sources */ = {isa = PBXBuildFile; fileRef = A869ED89284B02D6002E7896 /* AppDelegate.swift */; };
		A869ED8C284B02D6002E7896 /* SceneDelegate.swift in Sources */ = {isa = PBXBuildFile; fileRef = A869ED8B284B02D6002E7896 /* SceneDelegate.swift */; };
		A869ED8E284B02D6002E7896 /* AlbumsViewController.swift in Sources */ = {isa = PBXBuildFile; fileRef = A869ED8D284B02D6002E7896 /* AlbumsViewController.swift */; };
		A869ED91284B02D6002E7896 /* Main.storyboard in Resources */ = {isa = PBXBuildFile; fileRef = A869ED8F284B02D6002E7896 /* Main.storyboard */; };
		A869ED93284B02D8002E7896 /* Assets.xcassets in Resources */ = {isa = PBXBuildFile; fileRef = A869ED92284B02D8002E7896 /* Assets.xcassets */; };
		A869ED96284B02D8002E7896 /* LaunchScreen.storyboard in Resources */ = {isa = PBXBuildFile; fileRef = A869ED94284B02D8002E7896 /* LaunchScreen.storyboard */; };
		A869EDA3284B03C6002E7896 /* Albums Model.swift in Sources */ = {isa = PBXBuildFile; fileRef = A869EDA2284B03C6002E7896 /* Albums Model.swift */; };
		A869EDA5284B0487002E7896 /* NetworkManager.swift in Sources */ = {isa = PBXBuildFile; fileRef = A869EDA4284B0487002E7896 /* NetworkManager.swift */; };
		A869EDA7284B06B8002E7896 /* Album Interactor.swift in Sources */ = {isa = PBXBuildFile; fileRef = A869EDA6284B06B8002E7896 /* Album Interactor.swift */; };
		A869EDAB284B082D002E7896 /* Constants.swift in Sources */ = {isa = PBXBuildFile; fileRef = A869EDAA284B082D002E7896 /* Constants.swift */; };
		A869EDAD284B0AA0002E7896 /* AlbumsPresenter.swift in Sources */ = {isa = PBXBuildFile; fileRef = A869EDAC284B0AA0002E7896 /* AlbumsPresenter.swift */; };
/* End PBXBuildFile section */

/* Begin PBXFileReference section */
		1EBC1CBB284B1DF3009E59CC /* AlbumsTableViewCell.swift */ = {isa = PBXFileReference; lastKnownFileType = sourcecode.swift; path = AlbumsTableViewCell.swift; sourceTree = "<group>"; };
		1EBC1CBD284B2EBB009E59CC /* Extensions.swift */ = {isa = PBXFileReference; lastKnownFileType = sourcecode.swift; path = Extensions.swift; sourceTree = "<group>"; };
		A869ED86284B02D6002E7896 /* Sample MVP.app */ = {isa = PBXFileReference; explicitFileType = wrapper.application; includeInIndex = 0; path = "Sample MVP.app"; sourceTree = BUILT_PRODUCTS_DIR; };
		A869ED89284B02D6002E7896 /* AppDelegate.swift */ = {isa = PBXFileReference; lastKnownFileType = sourcecode.swift; path = AppDelegate.swift; sourceTree = "<group>"; };
		A869ED8B284B02D6002E7896 /* SceneDelegate.swift */ = {isa = PBXFileReference; lastKnownFileType = sourcecode.swift; path = SceneDelegate.swift; sourceTree = "<group>"; };
		A869ED8D284B02D6002E7896 /* AlbumsViewController.swift */ = {isa = PBXFileReference; lastKnownFileType = sourcecode.swift; path = AlbumsViewController.swift; sourceTree = "<group>"; };
		A869ED90284B02D6002E7896 /* Base */ = {isa = PBXFileReference; lastKnownFileType = file.storyboard; name = Base; path = Base.lproj/Main.storyboard; sourceTree = "<group>"; };
		A869ED92284B02D8002E7896 /* Assets.xcassets */ = {isa = PBXFileReference; lastKnownFileType = folder.assetcatalog; path = Assets.xcassets; sourceTree = "<group>"; };
		A869ED95284B02D8002E7896 /* Base */ = {isa = PBXFileReference; lastKnownFileType = file.storyboard; name = Base; path = Base.lproj/LaunchScreen.storyboard; sourceTree = "<group>"; };
		A869ED97284B02D8002E7896 /* Info.plist */ = {isa = PBXFileReference; lastKnownFileType = text.plist.xml; path = Info.plist; sourceTree = "<group>"; };
		A869EDA2284B03C6002E7896 /* Albums Model.swift */ = {isa = PBXFileReference; lastKnownFileType = sourcecode.swift; path = "Albums Model.swift"; sourceTree = "<group>"; };
		A869EDA4284B0487002E7896 /* NetworkManager.swift */ = {isa = PBXFileReference; lastKnownFileType = sourcecode.swift; path = NetworkManager.swift; sourceTree = "<group>"; };
		A869EDA6284B06B8002E7896 /* Album Interactor.swift */ = {isa = PBXFileReference; lastKnownFileType = sourcecode.swift; path = "Album Interactor.swift"; sourceTree = "<group>"; };
		A869EDAA284B082D002E7896 /* Constants.swift */ = {isa = PBXFileReference; lastKnownFileType = sourcecode.swift; path = Constants.swift; sourceTree = "<group>"; };
		A869EDAC284B0AA0002E7896 /* AlbumsPresenter.swift */ = {isa = PBXFileReference; lastKnownFileType = sourcecode.swift; path = AlbumsPresenter.swift; sourceTree = "<group>"; };
/* End PBXFileReference section */

/* Begin PBXFrameworksBuildPhase section */
		A869ED83284B02D6002E7896 /* Frameworks */ = {
			isa = PBXFrameworksBuildPhase;
			buildActionMask = 2147483647;
			files = (
			);
			runOnlyForDeploymentPostprocessing = 0;
		};
/* End PBXFrameworksBuildPhase section */

/* Begin PBXGroup section */
		1EBC1CBA284B1DD2009E59CC /* Custom Cells */ = {
			isa = PBXGroup;
			children = (
				1EBC1CBB284B1DF3009E59CC /* AlbumsTableViewCell.swift */,
			);
			path = "Custom Cells";
			sourceTree = "<group>";
		};
		A869ED7D284B02D6002E7896 = {
			isa = PBXGroup;
			children = (
				A869ED88284B02D6002E7896 /* Sample MVP */,
				A869ED87284B02D6002E7896 /* Products */,
			);
			sourceTree = "<group>";
		};
		A869ED87284B02D6002E7896 /* Products */ = {
			isa = PBXGroup;
			children = (
				A869ED86284B02D6002E7896 /* Sample MVP.app */,
			);
			name = Products;
			sourceTree = "<group>";
		};
		A869ED88284B02D6002E7896 /* Sample MVP */ = {
			isa = PBXGroup;
			children = (
				A869EDA0284B0394002E7896 /* Sources */,
				A869ED89284B02D6002E7896 /* AppDelegate.swift */,
				A869ED8B284B02D6002E7896 /* SceneDelegate.swift */,
				A869ED8F284B02D6002E7896 /* Main.storyboard */,
				A869ED92284B02D8002E7896 /* Assets.xcassets */,
				A869ED94284B02D8002E7896 /* LaunchScreen.storyboard */,
				A869ED97284B02D8002E7896 /* Info.plist */,
			);
			path = "Sample MVP";
			sourceTree = "<group>";
		};
		A869ED9D284B0376002E7896 /* Model */ = {
			isa = PBXGroup;
			children = (
				A869EDA2284B03C6002E7896 /* Albums Model.swift */,
			);
			path = Model;
			sourceTree = "<group>";
		};
		A869ED9E284B0381002E7896 /* View */ = {
			isa = PBXGroup;
			children = (
				A869ED8D284B02D6002E7896 /* AlbumsViewController.swift */,
			);
			path = View;
			sourceTree = "<group>";
		};
		A869ED9F284B038C002E7896 /* Presenter */ = {
			isa = PBXGroup;
			children = (
				A869EDAC284B0AA0002E7896 /* AlbumsPresenter.swift */,
			);
			path = Presenter;
			sourceTree = "<group>";
		};
		A869EDA0284B0394002E7896 /* Sources */ = {
			isa = PBXGroup;
			children = (
				1EBC1CBA284B1DD2009E59CC /* Custom Cells */,
				A869EDA9284B081D002E7896 /* Helpers */,
				A869EDA8284B06E1002E7896 /* Interactors */,
				A869EDA1284B03A1002E7896 /* Network */,
				A869ED9F284B038C002E7896 /* Presenter */,
				A869ED9E284B0381002E7896 /* View */,
				A869ED9D284B0376002E7896 /* Model */,
			);
			path = Sources;
			sourceTree = "<group>";
		};
		A869EDA1284B03A1002E7896 /* Network */ = {
			isa = PBXGroup;
			children = (
				A869EDA4284B0487002E7896 /* NetworkManager.swift */,
			);
			path = Network;
			sourceTree = "<group>";
		};
		A869EDA8284B06E1002E7896 /* Interactors */ = {
			isa = PBXGroup;
			children = (
				A869EDA6284B06B8002E7896 /* Album Interactor.swift */,
			);
			path = Interactors;
			sourceTree = "<group>";
		};
		A869EDA9284B081D002E7896 /* Helpers */ = {
			isa = PBXGroup;
			children = (
				A869EDAA284B082D002E7896 /* Constants.swift */,
				1EBC1CBD284B2EBB009E59CC /* Extensions.swift */,
			);
			path = Helpers;
			sourceTree = "<group>";
		};
/* End PBXGroup section */

/* Begin PBXNativeTarget section */
		A869ED85284B02D6002E7896 /* Sample MVP */ = {
			isa = PBXNativeTarget;
			buildConfigurationList = A869ED9A284B02D8002E7896 /* Build configuration list for PBXNativeTarget "Sample MVP" */;
			buildPhases = (
				A869ED82284B02D6002E7896 /* Sources */,
				A869ED83284B02D6002E7896 /* Frameworks */,
				A869ED84284B02D6002E7896 /* Resources */,
			);
			buildRules = (
			);
			dependencies = (
			);
			name = "Sample MVP";
			productName = "Sample MVP";
			productReference = A869ED86284B02D6002E7896 /* Sample MVP.app */;
			productType = "com.apple.product-type.application";
		};
/* End PBXNativeTarget section */

/* Begin PBXProject section */
		A869ED7E284B02D6002E7896 /* Project object */ = {
			isa = PBXProject;
			attributes = {
				BuildIndependentTargetsInParallel = 1;
				LastSwiftUpdateCheck = 1330;
				LastUpgradeCheck = 1330;
				TargetAttributes = {
					A869ED85284B02D6002E7896 = {
						CreatedOnToolsVersion = 13.3.1;
					};
				};
			};
			buildConfigurationList = A869ED81284B02D6002E7896 /* Build configuration list for PBXProject "Sample MVP" */;
			compatibilityVersion = "Xcode 13.0";
			developmentRegion = en;
			hasScannedForEncodings = 0;
			knownRegions = (
				en,
				Base,
			);
			mainGroup = A869ED7D284B02D6002E7896;
			productRefGroup = A869ED87284B02D6002E7896 /* Products */;
			projectDirPath = "";
			projectRoot = "";
			targets = (
				A869ED85284B02D6002E7896 /* Sample MVP */,
			);
		};
/* End PBXProject section */

/* Begin PBXResourcesBuildPhase section */
		A869ED84284B02D6002E7896 /* Resources */ = {
			isa = PBXResourcesBuildPhase;
			buildActionMask = 2147483647;
			files = (
				A869ED96284B02D8002E7896 /* LaunchScreen.storyboard in Resources */,
				A869ED93284B02D8002E7896 /* Assets.xcassets in Resources */,
				A869ED91284B02D6002E7896 /* Main.storyboard in Resources */,
			);
			runOnlyForDeploymentPostprocessing = 0;
		};
/* End PBXResourcesBuildPhase section */

/* Begin PBXSourcesBuildPhase section */
		A869ED82284B02D6002E7896 /* Sources */ = {
			isa = PBXSourcesBuildPhase;
			buildActionMask = 2147483647;
			files = (
				A869ED8E284B02D6002E7896 /* AlbumsViewController.swift in Sources */,
				A869ED8A284B02D6002E7896 /* AppDelegate.swift in Sources */,
				A869EDA5284B0487002E7896 /* NetworkManager.swift in Sources */,
				A869EDA3284B03C6002E7896 /* Albums Model.swift in Sources */,
				A869EDAD284B0AA0002E7896 /* AlbumsPresenter.swift in Sources */,
				1EBC1CBE284B2EBB009E59CC /* Extensions.swift in Sources */,
				1EBC1CBC284B1DF3009E59CC /* AlbumsTableViewCell.swift in Sources */,
				A869EDAB284B082D002E7896 /* Constants.swift in Sources */,
				A869ED8C284B02D6002E7896 /* SceneDelegate.swift in Sources */,
				A869EDA7284B06B8002E7896 /* Album Interactor.swift in Sources */,
			);
			runOnlyForDeploymentPostprocessing = 0;
		};
/* End PBXSourcesBuildPhase section */

/* Begin PBXVariantGroup section */
		A869ED8F284B02D6002E7896 /* Main.storyboard */ = {
			isa = PBXVariantGroup;
			children = (
				A869ED90284B02D6002E7896 /* Base */,
			);
			name = Main.storyboard;
			sourceTree = "<group>";
		};
		A869ED94284B02D8002E7896 /* LaunchScreen.storyboard */ = {
			isa = PBXVariantGroup;
			children = (
				A869ED95284B02D8002E7896 /* Base */,
			);
			name = LaunchScreen.storyboard;
			sourceTree = "<group>";
		};
/* End PBXVariantGroup section */

/* Begin XCBuildConfiguration section */
		A869ED98284B02D8002E7896 /* Debug */ = {
			isa = XCBuildConfiguration;
			buildSettings = {
				ALWAYS_SEARCH_USER_PATHS = NO;
				CLANG_ANALYZER_NONNULL = YES;
				CLANG_ANALYZER_NUMBER_OBJECT_CONVERSION = YES_AGGRESSIVE;
				CLANG_CXX_LANGUAGE_STANDARD = "gnu++17";
				CLANG_ENABLE_MODULES = YES;
				CLANG_ENABLE_OBJC_ARC = YES;
				CLANG_ENABLE_OBJC_WEAK = YES;
				CLANG_WARN_BLOCK_CAPTURE_AUTORELEASING = YES;
				CLANG_WARN_BOOL_CONVERSION = YES;
				CLANG_WARN_COMMA = YES;
				CLANG_WARN_CONSTANT_CONVERSION = YES;
				CLANG_WARN_DEPRECATED_OBJC_IMPLEMENTATIONS = YES;
				CLANG_WARN_DIRECT_OBJC_ISA_USAGE = YES_ERROR;
				CLANG_WARN_DOCUMENTATION_COMMENTS = YES;
				CLANG_WARN_EMPTY_BODY = YES;
				CLANG_WARN_ENUM_CONVERSION = YES;
				CLANG_WARN_INFINITE_RECURSION = YES;
				CLANG_WARN_INT_CONVERSION = YES;
				CLANG_WARN_NON_LITERAL_NULL_CONVERSION = YES;
				CLANG_WARN_OBJC_IMPLICIT_RETAIN_SELF = YES;
				CLANG_WARN_OBJC_LITERAL_CONVERSION = YES;
				CLANG_WARN_OBJC_ROOT_CLASS = YES_ERROR;
				CLANG_WARN_QUOTED_INCLUDE_IN_FRAMEWORK_HEADER = YES;
				CLANG_WARN_RANGE_LOOP_ANALYSIS = YES;
				CLANG_WARN_STRICT_PROTOTYPES = YES;
				CLANG_WARN_SUSPICIOUS_MOVE = YES;
				CLANG_WARN_UNGUARDED_AVAILABILITY = YES_AGGRESSIVE;
				CLANG_WARN_UNREACHABLE_CODE = YES;
				CLANG_WARN__DUPLICATE_METHOD_MATCH = YES;
				COPY_PHASE_STRIP = NO;
				DEBUG_INFORMATION_FORMAT = dwarf;
				ENABLE_STRICT_OBJC_MSGSEND = YES;
				ENABLE_TESTABILITY = YES;
				GCC_C_LANGUAGE_STANDARD = gnu11;
				GCC_DYNAMIC_NO_PIC = NO;
				GCC_NO_COMMON_BLOCKS = YES;
				GCC_OPTIMIZATION_LEVEL = 0;
				GCC_PREPROCESSOR_DEFINITIONS = (
					"DEBUG=1",
					"$(inherited)",
				);
				GCC_WARN_64_TO_32_BIT_CONVERSION = YES;
				GCC_WARN_ABOUT_RETURN_TYPE = YES_ERROR;
				GCC_WARN_UNDECLARED_SELECTOR = YES;
				GCC_WARN_UNINITIALIZED_AUTOS = YES_AGGRESSIVE;
				GCC_WARN_UNUSED_FUNCTION = YES;
				GCC_WARN_UNUSED_VARIABLE = YES;
				IPHONEOS_DEPLOYMENT_TARGET = 15.0;
				MTL_ENABLE_DEBUG_INFO = INCLUDE_SOURCE;
				MTL_FAST_MATH = YES;
				ONLY_ACTIVE_ARCH = YES;
				SDKROOT = iphoneos;
				SWIFT_ACTIVE_COMPILATION_CONDITIONS = DEBUG;
				SWIFT_OPTIMIZATION_LEVEL = "-Onone";
			};
			name = Debug;
		};
		A869ED99284B02D8002E7896 /* Release */ = {
			isa = XCBuildConfiguration;
			buildSettings = {
				ALWAYS_SEARCH_USER_PATHS = NO;
				CLANG_ANALYZER_NONNULL = YES;
				CLANG_ANALYZER_NUMBER_OBJECT_CONVERSION = YES_AGGRESSIVE;
				CLANG_CXX_LANGUAGE_STANDARD = "gnu++17";
				CLANG_ENABLE_MODULES = YES;
				CLANG_ENABLE_OBJC_ARC = YES;
				CLANG_ENABLE_OBJC_WEAK = YES;
				CLANG_WARN_BLOCK_CAPTURE_AUTORELEASING = YES;
				CLANG_WARN_BOOL_CONVERSION = YES;
				CLANG_WARN_COMMA = YES;
				CLANG_WARN_CONSTANT_CONVERSION = YES;
				CLANG_WARN_DEPRECATED_OBJC_IMPLEMENTATIONS = YES;
				CLANG_WARN_DIRECT_OBJC_ISA_USAGE = YES_ERROR;
				CLANG_WARN_DOCUMENTATION_COMMENTS = YES;
				CLANG_WARN_EMPTY_BODY = YES;
				CLANG_WARN_ENUM_CONVERSION = YES;
				CLANG_WARN_INFINITE_RECURSION = YES;
				CLANG_WARN_INT_CONVERSION = YES;
				CLANG_WARN_NON_LITERAL_NULL_CONVERSION = YES;
				CLANG_WARN_OBJC_IMPLICIT_RETAIN_SELF = YES;
				CLANG_WARN_OBJC_LITERAL_CONVERSION = YES;
				CLANG_WARN_OBJC_ROOT_CLASS = YES_ERROR;
				CLANG_WARN_QUOTED_INCLUDE_IN_FRAMEWORK_HEADER = YES;
				CLANG_WARN_RANGE_LOOP_ANALYSIS = YES;
				CLANG_WARN_STRICT_PROTOTYPES = YES;
				CLANG_WARN_SUSPICIOUS_MOVE = YES;
				CLANG_WARN_UNGUARDED_AVAILABILITY = YES_AGGRESSIVE;
				CLANG_WARN_UNREACHABLE_CODE = YES;
				CLANG_WARN__DUPLICATE_METHOD_MATCH = YES;
				COPY_PHASE_STRIP = NO;
				DEBUG_INFORMATION_FORMAT = "dwarf-with-dsym";
				ENABLE_NS_ASSERTIONS = NO;
				ENABLE_STRICT_OBJC_MSGSEND = YES;
				GCC_C_LANGUAGE_STANDARD = gnu11;
				GCC_NO_COMMON_BLOCKS = YES;
				GCC_WARN_64_TO_32_BIT_CONVERSION = YES;
				GCC_WARN_ABOUT_RETURN_TYPE = YES_ERROR;
				GCC_WARN_UNDECLARED_SELECTOR = YES;
				GCC_WARN_UNINITIALIZED_AUTOS = YES_AGGRESSIVE;
				GCC_WARN_UNUSED_FUNCTION = YES;
				GCC_WARN_UNUSED_VARIABLE = YES;
				IPHONEOS_DEPLOYMENT_TARGET = 15.0;
				MTL_ENABLE_DEBUG_INFO = NO;
				MTL_FAST_MATH = YES;
				SDKROOT = iphoneos;
				SWIFT_COMPILATION_MODE = wholemodule;
				SWIFT_OPTIMIZATION_LEVEL = "-O";
				VALIDATE_PRODUCT = YES;
			};
			name = Release;
		};
		A869ED9B284B02D8002E7896 /* Debug */ = {
			isa = XCBuildConfiguration;
			buildSettings = {
				ASSETCATALOG_COMPILER_APPICON_NAME = AppIcon;
				ASSETCATALOG_COMPILER_GLOBAL_ACCENT_COLOR_NAME = AccentColor;
				CODE_SIGN_STYLE = Automatic;
				CURRENT_PROJECT_VERSION = 1;
				GENERATE_INFOPLIST_FILE = YES;
				INFOPLIST_FILE = "Sample MVP/Info.plist";
				INFOPLIST_KEY_UIApplicationSupportsIndirectInputEvents = YES;
				INFOPLIST_KEY_UILaunchStoryboardName = LaunchScreen;
				INFOPLIST_KEY_UIMainStoryboardFile = Main;
				INFOPLIST_KEY_UISupportedInterfaceOrientations_iPad = "UIInterfaceOrientationPortrait UIInterfaceOrientationPortraitUpsideDown UIInterfaceOrientationLandscapeLeft UIInterfaceOrientationLandscapeRight";
				INFOPLIST_KEY_UISupportedInterfaceOrientations_iPhone = "UIInterfaceOrientationPortrait UIInterfaceOrientationLandscapeLeft UIInterfaceOrientationLandscapeRight";
				LD_RUNPATH_SEARCH_PATHS = (
					"$(inherited)",
					"@executable_path/Frameworks",
				);
				MARKETING_VERSION = 1.0;
				PRODUCT_BUNDLE_IDENTIFIER = "com.Sample-MVP";
				PRODUCT_NAME = "$(TARGET_NAME)";
				SWIFT_EMIT_LOC_STRINGS = YES;
				SWIFT_VERSION = 5.0;
				TARGETED_DEVICE_FAMILY = "1,2";
			};
			name = Debug;
		};
		A869ED9C284B02D8002E7896 /* Release */ = {
			isa = XCBuildConfiguration;
			buildSettings = {
				ASSETCATALOG_COMPILER_APPICON_NAME = AppIcon;
				ASSETCATALOG_COMPILER_GLOBAL_ACCENT_COLOR_NAME = AccentColor;
				CODE_SIGN_STYLE = Automatic;
				CURRENT_PROJECT_VERSION = 1;
				GENERATE_INFOPLIST_FILE = YES;
				INFOPLIST_FILE = "Sample MVP/Info.plist";
				INFOPLIST_KEY_UIApplicationSupportsIndirectInputEvents = YES;
				INFOPLIST_KEY_UILaunchStoryboardName = LaunchScreen;
				INFOPLIST_KEY_UIMainStoryboardFile = Main;
				INFOPLIST_KEY_UISupportedInterfaceOrientations_iPad = "UIInterfaceOrientationPortrait UIInterfaceOrientationPortraitUpsideDown UIInterfaceOrientationLandscapeLeft UIInterfaceOrientationLandscapeRight";
				INFOPLIST_KEY_UISupportedInterfaceOrientations_iPhone = "UIInterfaceOrientationPortrait UIInterfaceOrientationLandscapeLeft UIInterfaceOrientationLandscapeRight";
				LD_RUNPATH_SEARCH_PATHS = (
					"$(inherited)",
					"@executable_path/Frameworks",
				);
				MARKETING_VERSION = 1.0;
				PRODUCT_BUNDLE_IDENTIFIER = "com.Sample-MVP";
				PRODUCT_NAME = "$(TARGET_NAME)";
				SWIFT_EMIT_LOC_STRINGS = YES;
				SWIFT_VERSION = 5.0;
				TARGETED_DEVICE_FAMILY = "1,2";
			};
			name = Release;
		};
/* End XCBuildConfiguration section */

/* Begin XCConfigurationList section */
		A869ED81284B02D6002E7896 /* Build configuration list for PBXProject "Sample MVP" */ = {
			isa = XCConfigurationList;
			buildConfigurations = (
				A869ED98284B02D8002E7896 /* Debug */,
				A869ED99284B02D8002E7896 /* Release */,
			);
			defaultConfigurationIsVisible = 0;
			defaultConfigurationName = Release;
		};
		A869ED9A284B02D8002E7896 /* Build configuration list for PBXNativeTarget "Sample MVP" */ = {
			isa = XCConfigurationList;
			buildConfigurations = (
				A869ED9B284B02D8002E7896 /* Debug */,
				A869ED9C284B02D8002E7896 /* Release */,
			);
			defaultConfigurationIsVisible = 0;
			defaultConfigurationName = Release;
		};
/* End XCConfigurationList section */
	};
	rootObject = A869ED7E284B02D6002E7896 /* Project object */;
}
